{
  "name": "ergosafe-gemma-challenge",
  "version": "1.0.0",
  "lockfileVersion": 3,
  "requires": true,
  "packages": {
    "": {
      "name": "ergosafe-gemma-challenge",
      "version": "1.0.0",
      "license": "ISC",
      "dependencies": {
        "@mediapipe/tasks-genai": "^0.10.27"
      }
    },
    "node_modules/@mediapipe/tasks-genai": {
      "version": "0.10.27",
      "resolved": "https://registry.npmjs.org/@mediapipe/tasks-genai/-/tasks-genai-0.10.27.tgz",
      "integrity": "sha512-cv69CPPAtEDBUs6dGZft2S+sBqde1XvEMST367siSyxrhffdWtm4uQIsfdedAbhJ33BwAjuMnAdxDrO9WrzIAQ==",
      "license": "Apache-2.0"
    }
  }
}
